
Microsoft Visual Studio Solution File, Format Version 12.00
# Visual Studio Version 17
VisualStudioVersion = 17.7.34221.43
MinimumVisualStudioVersion = 10.0.40219.1
Project("{9A19103F-16F7-4668-BE54-9A1E7A4F7556}") = "NCS.DSS.DataUtility", "NCS.DSS.GDPRUpdateCustomerInformation\NCS.DSS.DataUtility.csproj", "{505AAA75-D0B8-43D4-8A7B-26935F84A42B}"
EndProject
Project("{9A19103F-16F7-4668-BE54-9A1E7A4F7556}") = "NCS.DSS.DataUtility.Tests", "NCS.DSS.GDPRUpdateCustomerInformation.Tests\NCS.DSS.DataUtility.Tests.csproj", "{B65E6973-85D3-4002-BC80-D9889A78CF26}"
EndProject
Global
	GlobalSection(SolutionConfigurationPlatforms) = preSolution
		Debug|Any CPU = Debug|Any CPU
		Release|Any CPU = Release|Any CPU
	EndGlobalSection
	GlobalSection(ProjectConfigurationPlatforms) = postSolution
		{505AAA75-D0B8-43D4-8A7B-26935F84A42B}.Debug|Any CPU.ActiveCfg = Debug|Any CPU
		{505AAA75-D0B8-43D4-8A7B-26935F84A42B}.Debug|Any CPU.Build.0 = Debug|Any CPU
		{505AAA75-D0B8-43D4-8A7B-26935F84A42B}.Release|Any CPU.ActiveCfg = Release|Any CPU
		{505AAA75-D0B8-43D4-8A7B-26935F84A42B}.Release|Any CPU.Build.0 = Release|Any CPU
		{B65E6973-85D3-4002-BC80-D9889A78CF26}.Debug|Any CPU.ActiveCfg = Debug|Any CPU
		{B65E6973-85D3-4002-BC80-D9889A78CF26}.Debug|Any CPU.Build.0 = Debug|Any CPU
		{B65E6973-85D3-4002-BC80-D9889A78CF26}.Release|Any CPU.ActiveCfg = Release|Any CPU
		{B65E6973-85D3-4002-BC80-D9889A78CF26}.Release|Any CPU.Build.0 = Release|Any CPU
	EndGlobalSection
	GlobalSection(SolutionProperties) = preSolution
		HideSolutionNode = FALSE
	EndGlobalSection
	GlobalSection(ExtensibilityGlobals) = postSolution
		SolutionGuid = {88F9416D-D258-402A-A562-1171FFA5AFFE}
	EndGlobalSection
EndGlobal
